PODS:
  - PayUIndia-Analytics (4.0.1):
    - PayUIndia-NetworkReachability (~> 2.1)
  - PayUIndia-AssetLibrary (4.0.0)
  - PayUIndia-CardScanner (2.0.0)
  - PayUIndia-CheckoutPro (8.2.1):
    - PayUIndia-AssetLibrary (~> 4.0)
    - PayUIndia-CardScanner (~> 2.0)
    - PayUIndia-CheckoutProBase (~> 8.2)
    - PayUIndia-CommonUI (~> 2.0)
    - PayUIndia-CrashReporter (~> 4.0)
    - PayUIndia-Custom-Browser (~> 11.0)
    - PayUIndia-NativeOtpAssist (~> 4.0)
    - PayUIndia-NetworkReachability (~> 2.0)
    - PayUIndia-PayUParams (~> 6.1)
    - PayUIndia-PG-SDK (~> 11.1)
    - PayUIndia-UPICore (~> 10.1)
  - PayUIndia-CheckoutProBase (8.2.0):
    - PayUIndia-PayUParams (~> 6.1)
  - PayUIndia-CommonUI (2.0.1):
    - PayUIndia-Analytics (~> 4.0)
    - PayUIndia-CrashReporter (~> 4.0)
  - PayUIndia-CrashReporter (4.0.0)
  - PayUIndia-Custom-Browser (11.0.0):
    - PayUIndia-CommonUI (~> 2.0)
  - PayUIndia-Logger (5.0.0)
  - PayUIndia-NativeOtpAssist (4.0.1):
    - PayUIndia-Analytics (~> 4.0)
    - PayUIndia-CommonUI (~> 2.0)
    - PayUIndia-CrashReporter (~> 4.0)
    - PayUIndia-NetworkReachability (~> 2.1)
    - PayUIndia-PayUParams (~> 6.0)
  - PayUIndia-Networking (5.0.0):
    - PayUIndia-Logger (~> 5.0)
  - PayUIndia-NetworkReachability (2.1.0)
  - PayUIndia-PayUParams (6.1.1)
  - PayUIndia-PG-SDK (11.1.1):
    - PayUIndia-CrashReporter (~> 4.0)
    - PayUIndia-NetworkReachability (~> 2.1)
    - PayUIndia-PayUParams (~> 6.1)
  - PayUIndia-UPICore (10.1.0):
    - PayUIndia-CommonUI (~> 2.0)
    - PayUIndia-Networking (~> 5.0)
    - PayUIndia-PayUParams (~> 6.1)

DEPENDENCIES:
  - PayUIndia-CheckoutPro

SPEC REPOS:
  trunk:
    - PayUIndia-Analytics
    - PayUIndia-AssetLibrary
    - PayUIndia-CardScanner
    - PayUIndia-CheckoutPro
    - PayUIndia-CheckoutProBase
    - PayUIndia-CommonUI
    - PayUIndia-CrashReporter
    - PayUIndia-Custom-Browser
    - PayUIndia-Logger
    - PayUIndia-NativeOtpAssist
    - PayUIndia-Networking
    - PayUIndia-NetworkReachability
    - PayUIndia-PayUParams
    - PayUIndia-PG-SDK
    - PayUIndia-UPICore

SPEC CHECKSUMS:
  PayUIndia-Analytics: af0f319b77df60bc88525b9903ea535874438b16
  PayUIndia-AssetLibrary: b6deb840070f8d805a14eae1e69123fab9f2ea65
  PayUIndia-CardScanner: c5316695576db02a24379f59bf60f032483f7e32
  PayUIndia-CheckoutPro: dcfb09ae6e81b692f717af1b3ec2841e3bf186fb
  PayUIndia-CheckoutProBase: a1e51279e3459705c716db9ef348ab8066c944a6
  PayUIndia-CommonUI: d598f840e7fa968268da40b461088c5a58f2bb37
  PayUIndia-CrashReporter: 45792de284df7887e2b4a6339715ec40413e6fad
  PayUIndia-Custom-Browser: e8c1aeb4ce6dbf6d65a279b95332112371ecb1da
  PayUIndia-Logger: f922c74e4ee1a197a1d631aafda4a40e85ef3cb8
  PayUIndia-NativeOtpAssist: 14995f82a89d092c8e08ee3df6484655c512d6fc
  PayUIndia-Networking: 9270668ee94ccb75b80fc5d0bec86ecb9b05bff3
  PayUIndia-NetworkReachability: 7703b88310b7fee5df9a9fbf6624bface6adc4aa
  PayUIndia-PayUParams: 230bda13c2f2a095bcb42212ee7f7fc08345701b
  PayUIndia-PG-SDK: 2040360a1c207893a362cdd75123de1ec99e796d
  PayUIndia-UPICore: 254635e57054f90e205e496e01169cd06ff2d9f8

PODFILE CHECKSUM: 7ddcdc9a9658a2444dd143057860dd0661a213da

COCOAPODS: 1.16.2
