PODS:
  - PayUIndia-Analytics (3.0.0):
    - PayUIndia-NetworkReachability (~> 1.0)
  - PayUIndia-AssetLibrary (3.3.0)
  - PayUIndia-CardScanner (1.0.0)
  - PayUIndia-CheckoutPro (7.1.0):
    - PayUIndia-Analytics (= 3.0)
    - PayUIndia-AssetLibrary (~> 3.3)
    - PayUIndia-CardScanner (~> 1.0)
    - PayUIndia-CheckoutProBase (~> 7.1)
    - PayUIndia-CommonUI (~> 1.1)
    - PayUIndia-CrashReporter (~> 2.1)
    - PayUIndia-Custom-Browser (~> 10.1)
    - PayUIndia-NativeOtpAssist (~> 3.0)
    - PayUIndia-NetworkReachability (~> 1.0)
    - PayUIndia-PayUParams (~> 5.0)
    - PayUIndia-PG-SDK (~> 10.1)
    - PayUIndia-UPICore (~> 8.1)
  - PayUIndia-CheckoutProBase (7.1.0):
    - PayUIndia-PayUParams (~> 5.0)
  - PayUIndia-CommonUI (1.1.0)
  - PayUIndia-CrashReporter (2.1.0)
  - PayUIndia-Custom-Browser (10.1.0):
    - PayUIndia-Analytics (= 3.0)
    - PayUIndia-CommonUI (~> 1.1)
  - PayUIndia-Logger (4.0.0)
  - PayUIndia-NativeOtpAssist (3.0.0):
    - PayUIndia-Analytics (~> 3.0)
    - PayUIndia-CommonUI (~> 1.1)
    - PayUIndia-CrashReporter (~> 2.1)
    - PayUIndia-NetworkReachability (~> 1.0)
    - PayUIndia-PayUParams (~> 5.0)
  - PayUIndia-Networking (4.0.0):
    - PayUIndia-Logger (= 4.0.0)
  - PayUIndia-NetworkReachability (1.0.1)
  - PayUIndia-PayUParams (5.0.1)
  - PayUIndia-PG-SDK (10.1.0):
    - PayUIndia-CrashReporter (~> 2.1)
    - PayUIndia-NetworkReachability (~> 1.0)
    - PayUIndia-PayUParams (~> 5.0)
  - PayUIndia-UPICore (8.1.0):
    - PayUIndia-CommonUI (~> 1.1)
    - PayUIndia-Networking (~> 4.0)
    - PayUIndia-PayUParams (~> 5.0)

DEPENDENCIES:
  - PayUIndia-CheckoutPro

SPEC REPOS:
  trunk:
    - PayUIndia-Analytics
    - PayUIndia-AssetLibrary
    - PayUIndia-CardScanner
    - PayUIndia-CheckoutPro
    - PayUIndia-CheckoutProBase
    - PayUIndia-CommonUI
    - PayUIndia-CrashReporter
    - PayUIndia-Custom-Browser
    - PayUIndia-Logger
    - PayUIndia-NativeOtpAssist
    - PayUIndia-Networking
    - PayUIndia-NetworkReachability
    - PayUIndia-PayUParams
    - PayUIndia-PG-SDK
    - PayUIndia-UPICore

SPEC CHECKSUMS:
  PayUIndia-Analytics: a23768b29283ef781783f38a99c1cf2235020d58
  PayUIndia-AssetLibrary: d72c575888a38b1f172fcda4e7eac1cdb3ded908
  PayUIndia-CardScanner: 42a10e1112f1bc954fdb407dd6de472fbf31fa27
  PayUIndia-CheckoutPro: 961822ca0293de346b1b199981efbd89cd7d7810
  PayUIndia-CheckoutProBase: 40609c0898cf06d09aa7398f6ce2b84d767857ae
  PayUIndia-CommonUI: 622aaa690520a705fe48806ccd73dd5a04e96cbf
  PayUIndia-CrashReporter: 597caf134e85f9b3bde7d2045cae2def1b86c544
  PayUIndia-Custom-Browser: 1b6e603c571320692930375a249926602919ee50
  PayUIndia-Logger: e353d9dd576bac593e428dfbadedf337cbb48b78
  PayUIndia-NativeOtpAssist: 15df5134d2b4fef886b73289e5decf59671cc0df
  PayUIndia-Networking: bf53f743484256303e24d4e763e6097f04af769c
  PayUIndia-NetworkReachability: 99e69781b3be99d7b713075ab7b73e6d73a153e4
  PayUIndia-PayUParams: c48c566186bcaaee4aabb177e490383550ae7410
  PayUIndia-PG-SDK: 1bb069e5b69e7f470320ca2b2d56eb9ada12e9af
  PayUIndia-UPICore: d784cd1945af21c44c992e413f1d55a6bc518170

PODFILE CHECKSUM: 3c94b79da3e1198938f4538cd83ccd59181f843e

COCOAPODS: 1.12.1
