{
  "object": {
    "pins": [
      {
        "package": "PayUIndia-Custom-Browser",
        "repositoryURL": "https://github.com/payu-intrepos/iOS-Custom-Browser.git",
        "state": {
          "branch": null,
          "revision": "eb752309563ed30cc705990c2008b7a6315eaa17",
          "version": "11.2.0"
        }
      },
      {
        "package": "PayUIndia-PG-SDK",
        "repositoryURL": "https://github.com/payu-intrepos/iOS-SDK.git",
        "state": {
          "branch": null,
          "revision": "0d124274cf4c15cac86a7e3bc9de88d3dd5aadb7",
          "version": "11.6.0"
        }
      },
      {
        "package": "PayUIndia-PayUParams",
        "repositoryURL": "https://github.com/payu-intrepos/payu-params-iOS.git",
        "state": {
          "branch": null,
          "revision": "d033e7f295b128cf956fc37f9b679a61144a7476",
          "version": "6.6.0"
        }
      },
      {
        "package": "PayUIndia-UPIKit",
        "repositoryURL": "https://github.com/payu-intrepos/payu-upi-ios-sdk.git",
        "state": {
          "branch": null,
          "revision": "3008fce2da80c4083c0454c54968acce857b13e5",
          "version": "10.5.0"
        }
      },
      {
        "package": "PayUIndia-Analytics",
        "repositoryURL": "https://github.com/payu-intrepos/PayUAnalytics-iOS.git",
        "state": {
          "branch": null,
          "revision": "5531c51a199d25780459f3285b198dfc13f3f990",
          "version": "4.0.2"
        }
      },
      {
        "package": "PayUIndia-AssetLibrary",
        "repositoryURL": "https://github.com/payu-intrepos/PayUAssetLibrary-iOS.git",
        "state": {
          "branch": null,
          "revision": "1d08333eac46436555731ecf2efe6f453218e532",
          "version": "4.0.1"
        }
      },
      {
        "package": "PayUIndia-CommonUI",
        "repositoryURL": "https://github.com/payu-intrepos/PayUCommonUI-iOS",
        "state": {
          "branch": null,
          "revision": "2e57bc9d05af8f8d5d402cb6df68d944e48ffe71",
          "version": "2.2.0"
        }
      },
      {
        "package": "PayUIndia-CrashReporter",
        "repositoryURL": "https://github.com/payu-intrepos/PayUCrashReporter-iOS.git",
        "state": {
          "branch": null,
          "revision": "454760775aaa4a9cf9d9a3ec8aec2fdf276ad664",
          "version": "4.0.1"
        }
      },
      {
        "package": "PayUIndia-CardScanner",
        "repositoryURL": "https://github.com/payu-intrepos/PayUIndia-CardScanner-iOS.git",
        "state": {
          "branch": null,
          "revision": "3a508eb3db5f4d2753ec4f23d6f7a897c9d8f889",
          "version": "2.1.0"
        }
      },
      {
        "package": "PayUIndia-NativeOtpAssist",
        "repositoryURL": "https://github.com/payu-intrepos/PayUNativeOtpAssist-iOS.git",
        "state": {
          "branch": null,
          "revision": "444b3c14a33a8e9b5cf578a458c3652fecd4fe42",
          "version": "4.2.0"
        }
      },
      {
        "package": "PayUIndia-NetworkReachability",
        "repositoryURL": "https://github.com/payu-intrepos/PayUNetworkReachability-iOS.git",
        "state": {
          "branch": null,
          "revision": "2c4e108fa7654cfca2dbb4f96f176a5788470d18",
          "version": "2.1.1"
        }
      }
    ]
  },
  "version": 1
}
