{
  "object": {
    "pins": [
      {
        "package": "PayUIndia-Custom-Browser",
        "repositoryURL": "https://github.com/payu-intrepos/iOS-Custom-Browser.git",
        "state": {
          "branch": null,
          "revision": "bad324f2952f96dbaa8c2ca3471268fdbc1b8c71",
          "version": "11.3.0"
        }
      },
      {
        "package": "PayUIndia-PG-SDK",
        "repositoryURL": "https://github.com/payu-intrepos/iOS-SDK.git",
        "state": {
          "branch": null,
          "revision": "63aa9841091a31d845b9efbc74e553de4af65c31",
          "version": "11.9.0"
        }
      },
      {
        "package": "PayUIndia-PayUParams",
        "repositoryURL": "https://github.com/payu-intrepos/payu-params-iOS.git",
        "state": {
          "branch": null,
          "revision": "5f46bd875a87e7c32b90c7b00c19c3169ee179ec",
          "version": "6.8.0"
        }
      },
      {
        "package": "PayUIndia-UPIKit",
        "repositoryURL": "https://github.com/payu-intrepos/payu-upi-ios-sdk.git",
        "state": {
          "branch": null,
          "revision": "ed6272cef1bf0f2fe548992857b73511d7146fe2",
          "version": "10.6.0"
        }
      },
      {
        "package": "PayUIndia-Analytics",
        "repositoryURL": "https://github.com/payu-intrepos/PayUAnalytics-iOS.git",
        "state": {
          "branch": null,
          "revision": "5531c51a199d25780459f3285b198dfc13f3f990",
          "version": "4.0.2"
        }
      },
      {
        "package": "PayUIndia-AssetLibrary",
        "repositoryURL": "https://github.com/payu-intrepos/PayUAssetLibrary-iOS.git",
        "state": {
          "branch": null,
          "revision": "1d08333eac46436555731ecf2efe6f453218e532",
          "version": "4.0.1"
        }
      },
      {
        "package": "PayUIndia-CommonUI",
        "repositoryURL": "https://github.com/payu-intrepos/PayUCommonUI-iOS",
        "state": {
          "branch": null,
          "revision": "a534648d11800f2f8e3a375180b11e8f6a8ebc43",
          "version": "2.3.0"
        }
      },
      {
        "package": "PayUIndia-CrashReporter",
        "repositoryURL": "https://github.com/payu-intrepos/PayUCrashReporter-iOS.git",
        "state": {
          "branch": null,
          "revision": "104535b2a4a827802c66cfd578efb0d507614f20",
          "version": "4.0.2"
        }
      },
      {
        "package": "PayUIndia-CardScanner",
        "repositoryURL": "https://github.com/payu-intrepos/PayUIndia-CardScanner-iOS.git",
        "state": {
          "branch": null,
          "revision": "3a508eb3db5f4d2753ec4f23d6f7a897c9d8f889",
          "version": "2.1.0"
        }
      },
      {
        "package": "PayUIndia-NativeOtpAssist",
        "repositoryURL": "https://github.com/payu-intrepos/PayUNativeOtpAssist-iOS.git",
        "state": {
          "branch": null,
          "revision": "cbd1e038e729f6f72fddd09eded60831c0377646",
          "version": "4.2.0"
        }
      },
      {
        "package": "PayUIndia-NetworkReachability",
        "repositoryURL": "https://github.com/payu-intrepos/PayUNetworkReachability-iOS.git",
        "state": {
          "branch": null,
          "revision": "2c4e108fa7654cfca2dbb4f96f176a5788470d18",
          "version": "2.1.1"
        }
      }
    ]
  },
  "version": 1
}
