{
  "object": {
    "pins": [
      {
        "package": "PayUIndia-Custom-Browser",
        "repositoryURL": "https://github.com/payu-intrepos/iOS-Custom-Browser.git",
        "state": {
          "branch": null,
          "revision": "bc6bc3dd8e367dcd5e14113f88b6f4392cc76a37",
          "version": "10.1.0"
        }
      },
      {
        "package": "PayUIndia-PG-SDK",
        "repositoryURL": "https://github.com/payu-intrepos/iOS-SDK.git",
        "state": {
          "branch": null,
          "revision": "53365e5de337becde04c446e79a0b0fc5b6061b4",
          "version": "10.2.0"
        }
      },
      {
        "package": "PayUIndia-PayUParams",
        "repositoryURL": "https://github.com/payu-intrepos/payu-params-iOS.git",
        "state": {
          "branch": null,
          "revision": "02b615769c06b5cf80ba8602be6831c8f535a802",
          "version": "5.1.0"
        }
      },
      {
        "package": "PayUIndia-UPIKit",
        "repositoryURL": "https://github.com/payu-intrepos/payu-upi-ios-sdk.git",
        "state": {
          "branch": null,
          "revision": "1d3dd45d4be3da5e937bd6a2df391a59503b0669",
          "version": "8.1.0"
        }
      },
      {
        "package": "PayUIndia-Analytics",
        "repositoryURL": "https://github.com/payu-intrepos/PayUAnalytics-iOS.git",
        "state": {
          "branch": null,
          "revision": "c89dd006e97392919aaf3cd7393fde753e4f8ec6",
          "version": "3.0.0"
        }
      },
      {
        "package": "PayUIndia-AssetLibrary",
        "repositoryURL": "https://github.com/payu-intrepos/PayUAssetLibrary-iOS.git",
        "state": {
          "branch": null,
          "revision": "adc24f53b13a4f9a5cdad9a79c63c8c5710507a4",
          "version": "3.3.0"
        }
      },
      {
        "package": "PayUIndia-CommonUI",
        "repositoryURL": "https://github.com/payu-intrepos/PayUCommonUI-iOS",
        "state": {
          "branch": null,
          "revision": "839147c1b5c97236f8e5deb056b4385acad9f066",
          "version": "1.1.0"
        }
      },
      {
        "package": "PayUIndia-CrashReporter",
        "repositoryURL": "https://github.com/payu-intrepos/PayUCrashReporter-iOS.git",
        "state": {
          "branch": null,
          "revision": "3bfc702a711b2f60adb3c99e65134032e92f3e16",
          "version": "2.1.0"
        }
      },
      {
        "package": "PayUIndia-CardScanner",
        "repositoryURL": "https://github.com/payu-intrepos/PayUIndia-CardScanner-iOS.git",
        "state": {
          "branch": null,
          "revision": "54d6e1474f5f7ce89871f22d5093950a5376d50e",
          "version": "1.0.0"
        }
      },
      {
        "package": "PayUIndia-NativeOtpAssist",
        "repositoryURL": "https://github.com/payu-intrepos/PayUNativeOtpAssist-iOS.git",
        "state": {
          "branch": null,
          "revision": "99489bc417626eed256c64d64351d3478067cc14",
          "version": "3.0.0"
        }
      },
      {
        "package": "PayUIndia-NetworkReachability",
        "repositoryURL": "https://github.com/payu-intrepos/PayUNetworkReachability-iOS.git",
        "state": {
          "branch": null,
          "revision": "c477d6c84e609c24193e4fb76cadc40935d1838b",
          "version": "2.0.1"
        }
      }
    ]
  },
  "version": 1
}
