// !$*UTF8*$!
{
	archiveVersion = 1;
	classes = {
	};
	objectVersion = 55;
	objects = {

/* Begin PBXBuildFile section */
		1C27AB4B290B808B5AD28D33 /* Pods_PayUCheckoutProWithSwiftUI.framework in Frameworks */ = {isa = PBXBuildFile; fileRef = 9144C1DA7700B90AB3E39888 /* Pods_PayUCheckoutProWithSwiftUI.framework */; };
		A74853B429A3330500249D2D /* PayUCheckoutProWithSwiftUIApp.swift in Sources */ = {isa = PBXBuildFile; fileRef = A74853B329A3330500249D2D /* PayUCheckoutProWithSwiftUIApp.swift */; };
		A74853B629A3330500249D2D /* ContentView.swift in Sources */ = {isa = PBXBuildFile; fileRef = A74853B529A3330500249D2D /* ContentView.swift */; };
		A74853B829A3330700249D2D /* Assets.xcassets in Resources */ = {isa = PBXBuildFile; fileRef = A74853B729A3330700249D2D /* Assets.xcassets */; };
		A74853BB29A3330700249D2D /* Preview Assets.xcassets in Resources */ = {isa = PBXBuildFile; fileRef = A74853BA29A3330700249D2D /* Preview Assets.xcassets */; };
		A74853C229A3429B00249D2D /* Utils.swift in Sources */ = {isa = PBXBuildFile; fileRef = A74853C129A3429B00249D2D /* Utils.swift */; };
/* End PBXBuildFile section */

/* Begin PBXFileReference section */
		68E4FF443C4AD1118CD03DFA /* Pods-PayUCheckoutProWithSwiftUI.debug.xcconfig */ = {isa = PBXFileReference; includeInIndex = 1; lastKnownFileType = text.xcconfig; name = "Pods-PayUCheckoutProWithSwiftUI.debug.xcconfig"; path = "Target Support Files/Pods-PayUCheckoutProWithSwiftUI/Pods-PayUCheckoutProWithSwiftUI.debug.xcconfig"; sourceTree = "<group>"; };
		9144C1DA7700B90AB3E39888 /* Pods_PayUCheckoutProWithSwiftUI.framework */ = {isa = PBXFileReference; explicitFileType = wrapper.framework; includeInIndex = 0; path = Pods_PayUCheckoutProWithSwiftUI.framework; sourceTree = BUILT_PRODUCTS_DIR; };
		A74853B029A3330500249D2D /* PayUCheckoutProWithSwiftUI.app */ = {isa = PBXFileReference; explicitFileType = wrapper.application; includeInIndex = 0; path = PayUCheckoutProWithSwiftUI.app; sourceTree = BUILT_PRODUCTS_DIR; };
		A74853B329A3330500249D2D /* PayUCheckoutProWithSwiftUIApp.swift */ = {isa = PBXFileReference; lastKnownFileType = sourcecode.swift; path = PayUCheckoutProWithSwiftUIApp.swift; sourceTree = "<group>"; };
		A74853B529A3330500249D2D /* ContentView.swift */ = {isa = PBXFileReference; lastKnownFileType = sourcecode.swift; path = ContentView.swift; sourceTree = "<group>"; };
		A74853B729A3330700249D2D /* Assets.xcassets */ = {isa = PBXFileReference; lastKnownFileType = folder.assetcatalog; path = Assets.xcassets; sourceTree = "<group>"; };
		A74853BA29A3330700249D2D /* Preview Assets.xcassets */ = {isa = PBXFileReference; lastKnownFileType = folder.assetcatalog; path = "Preview Assets.xcassets"; sourceTree = "<group>"; };
		A74853C129A3429B00249D2D /* Utils.swift */ = {isa = PBXFileReference; fileEncoding = 4; lastKnownFileType = sourcecode.swift; path = Utils.swift; sourceTree = "<group>"; };
		B7AB9DC7C99ABC48EEE594CA /* Pods-PayUCheckoutProWithSwiftUI.release.xcconfig */ = {isa = PBXFileReference; includeInIndex = 1; lastKnownFileType = text.xcconfig; name = "Pods-PayUCheckoutProWithSwiftUI.release.xcconfig"; path = "Target Support Files/Pods-PayUCheckoutProWithSwiftUI/Pods-PayUCheckoutProWithSwiftUI.release.xcconfig"; sourceTree = "<group>"; };
/* End PBXFileReference section */

/* Begin PBXFrameworksBuildPhase section */
		A74853AD29A3330500249D2D /* Frameworks */ = {
			isa = PBXFrameworksBuildPhase;
			buildActionMask = 2147483647;
			files = (
				1C27AB4B290B808B5AD28D33 /* Pods_PayUCheckoutProWithSwiftUI.framework in Frameworks */,
			);
			runOnlyForDeploymentPostprocessing = 0;
		};
/* End PBXFrameworksBuildPhase section */

/* Begin PBXGroup section */
		0B2F9345956029B3156599E1 /* Frameworks */ = {
			isa = PBXGroup;
			children = (
				9144C1DA7700B90AB3E39888 /* Pods_PayUCheckoutProWithSwiftUI.framework */,
			);
			name = Frameworks;
			sourceTree = "<group>";
		};
		3FA765AD67A62949C3E0BCEE /* Pods */ = {
			isa = PBXGroup;
			children = (
				68E4FF443C4AD1118CD03DFA /* Pods-PayUCheckoutProWithSwiftUI.debug.xcconfig */,
				B7AB9DC7C99ABC48EEE594CA /* Pods-PayUCheckoutProWithSwiftUI.release.xcconfig */,
			);
			path = Pods;
			sourceTree = "<group>";
		};
		A74853A729A3330500249D2D = {
			isa = PBXGroup;
			children = (
				A74853B229A3330500249D2D /* PayUCheckoutProWithSwiftUI */,
				A74853B129A3330500249D2D /* Products */,
				3FA765AD67A62949C3E0BCEE /* Pods */,
				0B2F9345956029B3156599E1 /* Frameworks */,
			);
			sourceTree = "<group>";
		};
		A74853B129A3330500249D2D /* Products */ = {
			isa = PBXGroup;
			children = (
				A74853B029A3330500249D2D /* PayUCheckoutProWithSwiftUI.app */,
			);
			name = Products;
			sourceTree = "<group>";
		};
		A74853B229A3330500249D2D /* PayUCheckoutProWithSwiftUI */ = {
			isa = PBXGroup;
			children = (
				A74853B329A3330500249D2D /* PayUCheckoutProWithSwiftUIApp.swift */,
				A74853C129A3429B00249D2D /* Utils.swift */,
				A74853B529A3330500249D2D /* ContentView.swift */,
				A74853B729A3330700249D2D /* Assets.xcassets */,
				A74853B929A3330700249D2D /* Preview Content */,
			);
			path = PayUCheckoutProWithSwiftUI;
			sourceTree = "<group>";
		};
		A74853B929A3330700249D2D /* Preview Content */ = {
			isa = PBXGroup;
			children = (
				A74853BA29A3330700249D2D /* Preview Assets.xcassets */,
			);
			path = "Preview Content";
			sourceTree = "<group>";
		};
/* End PBXGroup section */

/* Begin PBXNativeTarget section */
		A74853AF29A3330500249D2D /* PayUCheckoutProWithSwiftUI */ = {
			isa = PBXNativeTarget;
			buildConfigurationList = A74853BE29A3330700249D2D /* Build configuration list for PBXNativeTarget "PayUCheckoutProWithSwiftUI" */;
			buildPhases = (
				F395CE8EED663862DAF978D1 /* [CP] Check Pods Manifest.lock */,
				A74853AC29A3330500249D2D /* Sources */,
				A74853AD29A3330500249D2D /* Frameworks */,
				A74853AE29A3330500249D2D /* Resources */,
				40E76FC50CD31CE25950701F /* [CP] Embed Pods Frameworks */,
			);
			buildRules = (
			);
			dependencies = (
			);
			name = PayUCheckoutProWithSwiftUI;
			productName = PayUCheckoutProWithSwiftUI;
			productReference = A74853B029A3330500249D2D /* PayUCheckoutProWithSwiftUI.app */;
			productType = "com.apple.product-type.application";
		};
/* End PBXNativeTarget section */

/* Begin PBXProject section */
		A74853A829A3330500249D2D /* Project object */ = {
			isa = PBXProject;
			attributes = {
				BuildIndependentTargetsInParallel = 1;
				LastSwiftUpdateCheck = 1420;
				LastUpgradeCheck = 1420;
				TargetAttributes = {
					A74853AF29A3330500249D2D = {
						CreatedOnToolsVersion = 14.2;
					};
				};
			};
			buildConfigurationList = A74853AB29A3330500249D2D /* Build configuration list for PBXProject "PayUCheckoutProWithSwiftUI" */;
			compatibilityVersion = "Xcode 13.0";
			developmentRegion = en;
			hasScannedForEncodings = 0;
			knownRegions = (
				en,
				Base,
			);
			mainGroup = A74853A729A3330500249D2D;
			productRefGroup = A74853B129A3330500249D2D /* Products */;
			projectDirPath = "";
			projectRoot = "";
			targets = (
				A74853AF29A3330500249D2D /* PayUCheckoutProWithSwiftUI */,
			);
		};
/* End PBXProject section */

/* Begin PBXResourcesBuildPhase section */
		A74853AE29A3330500249D2D /* Resources */ = {
			isa = PBXResourcesBuildPhase;
			buildActionMask = 2147483647;
			files = (
				A74853BB29A3330700249D2D /* Preview Assets.xcassets in Resources */,
				A74853B829A3330700249D2D /* Assets.xcassets in Resources */,
			);
			runOnlyForDeploymentPostprocessing = 0;
		};
/* End PBXResourcesBuildPhase section */

/* Begin PBXShellScriptBuildPhase section */
		40E76FC50CD31CE25950701F /* [CP] Embed Pods Frameworks */ = {
			isa = PBXShellScriptBuildPhase;
			buildActionMask = 2147483647;
			files = (
			);
			inputFileListPaths = (
				"${PODS_ROOT}/Target Support Files/Pods-PayUCheckoutProWithSwiftUI/Pods-PayUCheckoutProWithSwiftUI-frameworks-${CONFIGURATION}-input-files.xcfilelist",
			);
			name = "[CP] Embed Pods Frameworks";
			outputFileListPaths = (
				"${PODS_ROOT}/Target Support Files/Pods-PayUCheckoutProWithSwiftUI/Pods-PayUCheckoutProWithSwiftUI-frameworks-${CONFIGURATION}-output-files.xcfilelist",
			);
			runOnlyForDeploymentPostprocessing = 0;
			shellPath = /bin/sh;
			shellScript = "\"${PODS_ROOT}/Target Support Files/Pods-PayUCheckoutProWithSwiftUI/Pods-PayUCheckoutProWithSwiftUI-frameworks.sh\"\n";
			showEnvVarsInLog = 0;
		};
		F395CE8EED663862DAF978D1 /* [CP] Check Pods Manifest.lock */ = {
			isa = PBXShellScriptBuildPhase;
			buildActionMask = 2147483647;
			files = (
			);
			inputFileListPaths = (
			);
			inputPaths = (
				"${PODS_PODFILE_DIR_PATH}/Podfile.lock",
				"${PODS_ROOT}/Manifest.lock",
			);
			name = "[CP] Check Pods Manifest.lock";
			outputFileListPaths = (
			);
			outputPaths = (
				"$(DERIVED_FILE_DIR)/Pods-PayUCheckoutProWithSwiftUI-checkManifestLockResult.txt",
			);
			runOnlyForDeploymentPostprocessing = 0;
			shellPath = /bin/sh;
			shellScript = "diff \"${PODS_PODFILE_DIR_PATH}/Podfile.lock\" \"${PODS_ROOT}/Manifest.lock\" > /dev/null\nif [ $? != 0 ] ; then\n    # print error to STDERR\n    echo \"error: The sandbox is not in sync with the Podfile.lock. Run 'pod install' or update your CocoaPods installation.\" >&2\n    exit 1\nfi\n# This output is used by Xcode 'outputs' to avoid re-running this script phase.\necho \"SUCCESS\" > \"${SCRIPT_OUTPUT_FILE_0}\"\n";
			showEnvVarsInLog = 0;
		};
/* End PBXShellScriptBuildPhase section */

/* Begin PBXSourcesBuildPhase section */
		A74853AC29A3330500249D2D /* Sources */ = {
			isa = PBXSourcesBuildPhase;
			buildActionMask = 2147483647;
			files = (
				A74853B629A3330500249D2D /* ContentView.swift in Sources */,
				A74853B429A3330500249D2D /* PayUCheckoutProWithSwiftUIApp.swift in Sources */,
				A74853C229A3429B00249D2D /* Utils.swift in Sources */,
			);
			runOnlyForDeploymentPostprocessing = 0;
		};
/* End PBXSourcesBuildPhase section */

/* Begin XCBuildConfiguration section */
		A74853BC29A3330700249D2D /* Debug */ = {
			isa = XCBuildConfiguration;
			buildSettings = {
				ALWAYS_SEARCH_USER_PATHS = NO;
				CLANG_ANALYZER_NONNULL = YES;
				CLANG_ANALYZER_NUMBER_OBJECT_CONVERSION = YES_AGGRESSIVE;
				CLANG_CXX_LANGUAGE_STANDARD = "gnu++20";
				CLANG_ENABLE_MODULES = YES;
				CLANG_ENABLE_OBJC_ARC = YES;
				CLANG_ENABLE_OBJC_WEAK = YES;
				CLANG_WARN_BLOCK_CAPTURE_AUTORELEASING = YES;
				CLANG_WARN_BOOL_CONVERSION = YES;
				CLANG_WARN_COMMA = YES;
				CLANG_WARN_CONSTANT_CONVERSION = YES;
				CLANG_WARN_DEPRECATED_OBJC_IMPLEMENTATIONS = YES;
				CLANG_WARN_DIRECT_OBJC_ISA_USAGE = YES_ERROR;
				CLANG_WARN_DOCUMENTATION_COMMENTS = YES;
				CLANG_WARN_EMPTY_BODY = YES;
				CLANG_WARN_ENUM_CONVERSION = YES;
				CLANG_WARN_INFINITE_RECURSION = YES;
				CLANG_WARN_INT_CONVERSION = YES;
				CLANG_WARN_NON_LITERAL_NULL_CONVERSION = YES;
				CLANG_WARN_OBJC_IMPLICIT_RETAIN_SELF = YES;
				CLANG_WARN_OBJC_LITERAL_CONVERSION = YES;
				CLANG_WARN_OBJC_ROOT_CLASS = YES_ERROR;
				CLANG_WARN_QUOTED_INCLUDE_IN_FRAMEWORK_HEADER = YES;
				CLANG_WARN_RANGE_LOOP_ANALYSIS = YES;
				CLANG_WARN_STRICT_PROTOTYPES = YES;
				CLANG_WARN_SUSPICIOUS_MOVE = YES;
				CLANG_WARN_UNGUARDED_AVAILABILITY = YES_AGGRESSIVE;
				CLANG_WARN_UNREACHABLE_CODE = YES;
				CLANG_WARN__DUPLICATE_METHOD_MATCH = YES;
				COPY_PHASE_STRIP = NO;
				DEBUG_INFORMATION_FORMAT = dwarf;
				ENABLE_STRICT_OBJC_MSGSEND = YES;
				ENABLE_TESTABILITY = YES;
				GCC_C_LANGUAGE_STANDARD = gnu11;
				GCC_DYNAMIC_NO_PIC = NO;
				GCC_NO_COMMON_BLOCKS = YES;
				GCC_OPTIMIZATION_LEVEL = 0;
				GCC_PREPROCESSOR_DEFINITIONS = (
					"DEBUG=1",
					"$(inherited)",
				);
				GCC_WARN_64_TO_32_BIT_CONVERSION = YES;
				GCC_WARN_ABOUT_RETURN_TYPE = YES_ERROR;
				GCC_WARN_UNDECLARED_SELECTOR = YES;
				GCC_WARN_UNINITIALIZED_AUTOS = YES_AGGRESSIVE;
				GCC_WARN_UNUSED_FUNCTION = YES;
				GCC_WARN_UNUSED_VARIABLE = YES;
				IPHONEOS_DEPLOYMENT_TARGET = 16.2;
				MTL_ENABLE_DEBUG_INFO = INCLUDE_SOURCE;
				MTL_FAST_MATH = YES;
				ONLY_ACTIVE_ARCH = YES;
				SDKROOT = iphoneos;
				SWIFT_ACTIVE_COMPILATION_CONDITIONS = DEBUG;
				SWIFT_OPTIMIZATION_LEVEL = "-Onone";
			};
			name = Debug;
		};
		A74853BD29A3330700249D2D /* Release */ = {
			isa = XCBuildConfiguration;
			buildSettings = {
				ALWAYS_SEARCH_USER_PATHS = NO;
				CLANG_ANALYZER_NONNULL = YES;
				CLANG_ANALYZER_NUMBER_OBJECT_CONVERSION = YES_AGGRESSIVE;
				CLANG_CXX_LANGUAGE_STANDARD = "gnu++20";
				CLANG_ENABLE_MODULES = YES;
				CLANG_ENABLE_OBJC_ARC = YES;
				CLANG_ENABLE_OBJC_WEAK = YES;
				CLANG_WARN_BLOCK_CAPTURE_AUTORELEASING = YES;
				CLANG_WARN_BOOL_CONVERSION = YES;
				CLANG_WARN_COMMA = YES;
				CLANG_WARN_CONSTANT_CONVERSION = YES;
				CLANG_WARN_DEPRECATED_OBJC_IMPLEMENTATIONS = YES;
				CLANG_WARN_DIRECT_OBJC_ISA_USAGE = YES_ERROR;
				CLANG_WARN_DOCUMENTATION_COMMENTS = YES;
				CLANG_WARN_EMPTY_BODY = YES;
				CLANG_WARN_ENUM_CONVERSION = YES;
				CLANG_WARN_INFINITE_RECURSION = YES;
				CLANG_WARN_INT_CONVERSION = YES;
				CLANG_WARN_NON_LITERAL_NULL_CONVERSION = YES;
				CLANG_WARN_OBJC_IMPLICIT_RETAIN_SELF = YES;
				CLANG_WARN_OBJC_LITERAL_CONVERSION = YES;
				CLANG_WARN_OBJC_ROOT_CLASS = YES_ERROR;
				CLANG_WARN_QUOTED_INCLUDE_IN_FRAMEWORK_HEADER = YES;
				CLANG_WARN_RANGE_LOOP_ANALYSIS = YES;
				CLANG_WARN_STRICT_PROTOTYPES = YES;
				CLANG_WARN_SUSPICIOUS_MOVE = YES;
				CLANG_WARN_UNGUARDED_AVAILABILITY = YES_AGGRESSIVE;
				CLANG_WARN_UNREACHABLE_CODE = YES;
				CLANG_WARN__DUPLICATE_METHOD_MATCH = YES;
				COPY_PHASE_STRIP = NO;
				DEBUG_INFORMATION_FORMAT = "dwarf-with-dsym";
				ENABLE_NS_ASSERTIONS = NO;
				ENABLE_STRICT_OBJC_MSGSEND = YES;
				GCC_C_LANGUAGE_STANDARD = gnu11;
				GCC_NO_COMMON_BLOCKS = YES;
				GCC_WARN_64_TO_32_BIT_CONVERSION = YES;
				GCC_WARN_ABOUT_RETURN_TYPE = YES_ERROR;
				GCC_WARN_UNDECLARED_SELECTOR = YES;
				GCC_WARN_UNINITIALIZED_AUTOS = YES_AGGRESSIVE;
				GCC_WARN_UNUSED_FUNCTION = YES;
				GCC_WARN_UNUSED_VARIABLE = YES;
				IPHONEOS_DEPLOYMENT_TARGET = 16.2;
				MTL_ENABLE_DEBUG_INFO = NO;
				MTL_FAST_MATH = YES;
				SDKROOT = iphoneos;
				SWIFT_COMPILATION_MODE = wholemodule;
				SWIFT_OPTIMIZATION_LEVEL = "-O";
				VALIDATE_PRODUCT = YES;
			};
			name = Release;
		};
		A74853BF29A3330700249D2D /* Debug */ = {
			isa = XCBuildConfiguration;
			baseConfigurationReference = 68E4FF443C4AD1118CD03DFA /* Pods-PayUCheckoutProWithSwiftUI.debug.xcconfig */;
			buildSettings = {
				ASSETCATALOG_COMPILER_APPICON_NAME = AppIcon;
				ASSETCATALOG_COMPILER_GLOBAL_ACCENT_COLOR_NAME = AccentColor;
				CODE_SIGN_IDENTITY = "Apple Development";
				CODE_SIGN_STYLE = Automatic;
				CURRENT_PROJECT_VERSION = 1;
				DEVELOPMENT_ASSET_PATHS = "\"PayUCheckoutProWithSwiftUI/Preview Content\"";
				DEVELOPMENT_TEAM = 3T2M5UN5C5;
				ENABLE_PREVIEWS = YES;
				GENERATE_INFOPLIST_FILE = YES;
				INFOPLIST_KEY_UIApplicationSceneManifest_Generation = YES;
				INFOPLIST_KEY_UIApplicationSupportsIndirectInputEvents = YES;
				INFOPLIST_KEY_UILaunchScreen_Generation = YES;
				INFOPLIST_KEY_UISupportedInterfaceOrientations_iPad = "UIInterfaceOrientationPortrait UIInterfaceOrientationPortraitUpsideDown UIInterfaceOrientationLandscapeLeft UIInterfaceOrientationLandscapeRight";
				INFOPLIST_KEY_UISupportedInterfaceOrientations_iPhone = "UIInterfaceOrientationPortrait UIInterfaceOrientationLandscapeLeft UIInterfaceOrientationLandscapeRight";
				IPHONEOS_DEPLOYMENT_TARGET = 15.0;
				LD_RUNPATH_SEARCH_PATHS = (
					"$(inherited)",
					"@executable_path/Frameworks",
				);
				MARKETING_VERSION = 1.0;
				PRODUCT_BUNDLE_IDENTIFIER = com.payu.OnePayUSwiftSampleApp.PayUCheckoutProWithSwiftUI;
				PRODUCT_NAME = "$(TARGET_NAME)";
				PROVISIONING_PROFILE_SPECIFIER = "";
				SWIFT_EMIT_LOC_STRINGS = YES;
				SWIFT_VERSION = 5.0;
				TARGETED_DEVICE_FAMILY = "1,2";
			};
			name = Debug;
		};
		A74853C029A3330700249D2D /* Release */ = {
			isa = XCBuildConfiguration;
			baseConfigurationReference = B7AB9DC7C99ABC48EEE594CA /* Pods-PayUCheckoutProWithSwiftUI.release.xcconfig */;
			buildSettings = {
				ASSETCATALOG_COMPILER_APPICON_NAME = AppIcon;
				ASSETCATALOG_COMPILER_GLOBAL_ACCENT_COLOR_NAME = AccentColor;
				CODE_SIGN_IDENTITY = "Apple Development";
				CODE_SIGN_STYLE = Automatic;
				CURRENT_PROJECT_VERSION = 1;
				DEVELOPMENT_ASSET_PATHS = "\"PayUCheckoutProWithSwiftUI/Preview Content\"";
				DEVELOPMENT_TEAM = 3T2M5UN5C5;
				ENABLE_PREVIEWS = YES;
				GENERATE_INFOPLIST_FILE = YES;
				INFOPLIST_KEY_UIApplicationSceneManifest_Generation = YES;
				INFOPLIST_KEY_UIApplicationSupportsIndirectInputEvents = YES;
				INFOPLIST_KEY_UILaunchScreen_Generation = YES;
				INFOPLIST_KEY_UISupportedInterfaceOrientations_iPad = "UIInterfaceOrientationPortrait UIInterfaceOrientationPortraitUpsideDown UIInterfaceOrientationLandscapeLeft UIInterfaceOrientationLandscapeRight";
				INFOPLIST_KEY_UISupportedInterfaceOrientations_iPhone = "UIInterfaceOrientationPortrait UIInterfaceOrientationLandscapeLeft UIInterfaceOrientationLandscapeRight";
				IPHONEOS_DEPLOYMENT_TARGET = 15.0;
				LD_RUNPATH_SEARCH_PATHS = (
					"$(inherited)",
					"@executable_path/Frameworks",
				);
				MARKETING_VERSION = 1.0;
				PRODUCT_BUNDLE_IDENTIFIER = com.payu.OnePayUSwiftSampleApp.PayUCheckoutProWithSwiftUI;
				PRODUCT_NAME = "$(TARGET_NAME)";
				PROVISIONING_PROFILE_SPECIFIER = "";
				SWIFT_EMIT_LOC_STRINGS = YES;
				SWIFT_VERSION = 5.0;
				TARGETED_DEVICE_FAMILY = "1,2";
			};
			name = Release;
		};
/* End XCBuildConfiguration section */

/* Begin XCConfigurationList section */
		A74853AB29A3330500249D2D /* Build configuration list for PBXProject "PayUCheckoutProWithSwiftUI" */ = {
			isa = XCConfigurationList;
			buildConfigurations = (
				A74853BC29A3330700249D2D /* Debug */,
				A74853BD29A3330700249D2D /* Release */,
			);
			defaultConfigurationIsVisible = 0;
			defaultConfigurationName = Release;
		};
		A74853BE29A3330700249D2D /* Build configuration list for PBXNativeTarget "PayUCheckoutProWithSwiftUI" */ = {
			isa = XCConfigurationList;
			buildConfigurations = (
				A74853BF29A3330700249D2D /* Debug */,
				A74853C029A3330700249D2D /* Release */,
			);
			defaultConfigurationIsVisible = 0;
			defaultConfigurationName = Release;
		};
/* End XCConfigurationList section */
	};
	rootObject = A74853A829A3330500249D2D /* Project object */;
}
