PODS:
  - PayUIndia-AssetLibrary (2.3.0)
  - PayUIndia-CheckoutPro (2.5.1):
    - PayUIndia-AssetLibrary (~> 2.3)
    - PayUIndia-CheckoutProBase (~> 2.5)
    - PayUIndia-CrashReporter (~> 1.0)
    - PayUIndia-Custom-Browser (~> 7.0)
    - PayUIndia-NetworkReachability (~> 1.0)
    - PayUIndia-PayUParams (~> 2.0)
    - PayUIndia-PG-SDK (~> 6.2)
    - PayUIndia-UPICore (~> 4.1)
  - PayUIndia-CheckoutProBase (2.5.0):
    - PayUIndia-PayUParams (~> 2.0)
  - PayUIndia-CrashReporter (1.0.0)
  - PayUIndia-Custom-Browser (7.0.0)
  - PayUIndia-Logger (2.0.1)
  - PayUIndia-Networking (2.0.1):
    - PayUIndia-Logger (= 2.0.1)
  - PayUIndia-NetworkReachability (1.0.1)
  - PayUIndia-PayUParams (2.0.1)
  - PayUIndia-PG-SDK (6.2.2):
    - PayUIndia-NetworkReachability (~> 1.0)
    - PayUIndia-PayUParams (~> 2.0)
  - PayUIndia-UPICore (4.1.0):
    - PayUIndia-Networking (~> 2.0)
    - Socket.IO-Client-Swift (= 15.1.0)
  - Socket.IO-Client-Swift (15.1.0):
    - Starscream (~> 3.1)
  - Starscream (3.1.1)

DEPENDENCIES:
  - PayUIndia-CheckoutPro

SPEC REPOS:
  trunk:
    - PayUIndia-AssetLibrary
    - PayUIndia-CheckoutPro
    - PayUIndia-CheckoutProBase
    - PayUIndia-CrashReporter
    - PayUIndia-Custom-Browser
    - PayUIndia-Logger
    - PayUIndia-Networking
    - PayUIndia-NetworkReachability
    - PayUIndia-PayUParams
    - PayUIndia-PG-SDK
    - PayUIndia-UPICore
    - Socket.IO-Client-Swift
    - Starscream

SPEC CHECKSUMS:
  PayUIndia-AssetLibrary: 4c257cf5f2e93c5f8245de7401a1ea635854c311
  PayUIndia-CheckoutPro: 04d21f289d20534a5990eb2c9c627334c2059ab6
  PayUIndia-CheckoutProBase: 5d1f5cea7dc8f6ac3baa8779ea4773e4f62d1ab8
  PayUIndia-CrashReporter: e4e6a68b2a2f59fb826331db0799f0167f596593
  PayUIndia-Custom-Browser: ffa6e718d4617d59680cef8364222ecb77e9e1fb
  PayUIndia-Logger: 818c08ae963753d86ff89682daf3ced672896b1c
  PayUIndia-Networking: 355cde94811c667e1da83aa7ebe0b38e0c918b9f
  PayUIndia-NetworkReachability: 99e69781b3be99d7b713075ab7b73e6d73a153e4
  PayUIndia-PayUParams: 284b80ae30e4f40444fdba7035ab2c0c05fb118b
  PayUIndia-PG-SDK: 7767af9dda4b0dc2cebd3f0ddd4efe3adf472112
  PayUIndia-UPICore: 9e0b3e07ae78225fc611b11a88cc000fc669f52d
  Socket.IO-Client-Swift: 7cb44c0ffb86e158cee32d0642d30ec5fdcf8f61
  Starscream: 4bb2f9942274833f7b4d296a55504dcfc7edb7b0

PODFILE CHECKSUM: 05f7a397b078e48c298c1d214a68cc53656c18b1

COCOAPODS: 1.10.2
