{
  "object": {
    "pins": [
      {
        "package": "PayUIndia-Custom-Browser",
        "repositoryURL": "https://github.com/payu-intrepos/iOS-Custom-Browser.git",
        "state": {
          "branch": null,
          "revision": "4c818ee3aa88a29ebd743367616ad59642ee1131",
          "version": "9.0.0"
        }
      },
      {
        "package": "PayUIndia-PG-SDK",
        "repositoryURL": "https://github.com/payu-intrepos/iOS-SDK.git",
        "state": {
          "branch": null,
          "revision": "1cbe1b451851ee4ffb0b592d84a7692302bc6442",
          "version": "8.1.0"
        }
      },
      {
        "package": "PayUIndia-PayUParams",
        "repositoryURL": "https://github.com/payu-intrepos/payu-params-iOS.git",
        "state": {
          "branch": null,
          "revision": "d172d763c87ede1e2f5def385236b0c8cfdbcaa3",
          "version": "3.2.1"
        }
      },
      {
        "package": "PayUIndia-UPIKit",
        "repositoryURL": "https://github.com/payu-intrepos/payu-upi-ios-sdk.git",
        "state": {
          "branch": null,
          "revision": "8808559dc4cfeec8c42aeaa80e0fb05820ce45c1",
          "version": "6.0.0"
        }
      },
      {
        "package": "PayUIndia-Analytics",
        "repositoryURL": "https://github.com/payu-intrepos/PayUAnalytics-iOS.git",
        "state": {
          "branch": null,
          "revision": "4fff00a59f22f327ca88cbfaf749aebdd9e4b1c0",
          "version": "2.1.1"
        }
      },
      {
        "package": "PayUIndia-AssetLibrary",
        "repositoryURL": "https://github.com/payu-intrepos/PayUAssetLibrary-iOS.git",
        "state": {
          "branch": null,
          "revision": "9d8c556cd30fcbd0a06eda9bcecee8ef2e00e5e1",
          "version": "3.1.1"
        }
      },
      {
        "package": "PayUCheckoutProKit",
        "repositoryURL": "https://github.com/payu-intrepos/PayUCheckoutPro-iOS",
        "state": {
          "branch": null,
          "revision": "498f3b7c5bf66118028a40268023fbd400129e7b",
          "version": "4.2.0"
        }
      },
      {
        "package": "PayUIndia-CrashReporter",
        "repositoryURL": "https://github.com/payu-intrepos/PayUCrashReporter-iOS.git",
        "state": {
          "branch": null,
          "revision": "b342e44234a247752a5fa945851f9107e5efaf99",
          "version": "2.0.1"
        }
      },
      {
        "package": "PayUIndia-NativeOtpAssist",
        "repositoryURL": "https://github.com/payu-intrepos/PayUNativeOtpAssist-iOS.git",
        "state": {
          "branch": null,
          "revision": "c5127e3b75d3f00d1837e824288b3c90c1474d22",
          "version": "2.1.1"
        }
      },
      {
        "package": "PayUIndia-NetworkReachability",
        "repositoryURL": "https://github.com/payu-intrepos/PayUNetworkReachability-iOS.git",
        "state": {
          "branch": null,
          "revision": "c477d6c84e609c24193e4fb76cadc40935d1838b",
          "version": "2.0.1"
        }
      },
      {
        "package": "SocketIO",
        "repositoryURL": "https://github.com/ShubhGar/socket.io-client-swift.git",
        "state": {
          "branch": null,
          "revision": "d1bfe5823c0df186569f3ef70c909a8a28a2f72d",
          "version": "18.0.0"
        }
      },
      {
        "package": "Starscream",
        "repositoryURL": "https://github.com/ShubhGar/Starscream",
        "state": {
          "branch": null,
          "revision": "74d6b3b60f1e86aea1b60e7442035a3be10d811d",
          "version": "5.0.1"
        }
      }
    ]
  },
  "version": 1
}
