{
  "object": {
    "pins": [
      {
        "package": "PayUIndia-Custom-Browser",
        "repositoryURL": "https://github.com/payu-intrepos/iOS-Custom-Browser.git",
        "state": {
          "branch": null,
          "revision": "4c818ee3aa88a29ebd743367616ad59642ee1131",
          "version": "9.0.0"
        }
      },
      {
        "package": "PayUIndia-PG-SDK",
        "repositoryURL": "https://github.com/payu-intrepos/iOS-SDK.git",
        "state": {
          "branch": null,
          "revision": "1cbe1b451851ee4ffb0b592d84a7692302bc6442",
          "version": "8.1.0"
        }
      },
      {
        "package": "PayUIndia-PayUParams",
        "repositoryURL": "https://github.com/payu-intrepos/payu-params-iOS.git",
        "state": {
          "branch": null,
          "revision": "0934fcc1d123b613753d6de3187b361cb90df4b1",
          "version": "3.2.0"
        }
      },
      {
        "package": "PayUIndia-UPIKit",
        "repositoryURL": "https://github.com/payu-intrepos/payu-upi-ios-sdk.git",
        "state": {
          "branch": null,
          "revision": "8808559dc4cfeec8c42aeaa80e0fb05820ce45c1",
          "version": "6.0.0"
        }
      },
      {
        "package": "PayUIndia-Analytics",
        "repositoryURL": "https://github.com/payu-intrepos/PayUAnalytics-iOS.git",
        "state": {
          "branch": null,
          "revision": "7080d44a92754020e30a7ec742f95200db8afdab",
          "version": "2.1.0"
        }
      },
      {
        "package": "PayUIndia-AssetLibrary",
        "repositoryURL": "https://github.com/payu-intrepos/PayUAssetLibrary-iOS.git",
        "state": {
          "branch": null,
          "revision": "2ca7041529579e937e098bee64191a585ee4c2a0",
          "version": "3.1.0"
        }
      },
      {
        "package": "PayUCheckoutProKit",
        "repositoryURL": "https://github.com/payu-intrepos/PayUCheckoutPro-iOS",
        "state": {
          "branch": null,
          "revision": "498f3b7c5bf66118028a40268023fbd400129e7b",
          "version": "4.2.0"
        }
      },
      {
        "package": "PayUIndia-CrashReporter",
        "repositoryURL": "https://github.com/payu-intrepos/PayUCrashReporter-iOS.git",
        "state": {
          "branch": null,
          "revision": "a4ffe60807d35a830a06196dab83e07d09e10612",
          "version": "2.0.0"
        }
      },
      {
        "package": "PayUIndia-NativeOtpAssist",
        "repositoryURL": "https://github.com/payu-intrepos/PayUNativeOtpAssist-iOS.git",
        "state": {
          "branch": null,
          "revision": "318b96337d1997c8472ddd1c870e3321de8d6925",
          "version": "2.1.0"
        }
      },
      {
        "package": "PayUIndia-NetworkReachability",
        "repositoryURL": "https://github.com/payu-intrepos/PayUNetworkReachability-iOS.git",
        "state": {
          "branch": null,
          "revision": "4c023a01a4e1cd03641b538c3495a496724effec",
          "version": "2.0.0"
        }
      },
      {
        "package": "SocketIO",
        "repositoryURL": "https://github.com/ShubhGar/socket.io-client-swift.git",
        "state": {
          "branch": null,
          "revision": "5044cefc9f326b2db89ceed9cb8fe51f429cf289",
          "version": "18.0.0"
        }
      },
      {
        "package": "Starscream",
        "repositoryURL": "https://github.com/ShubhGar/Starscream",
        "state": {
          "branch": null,
          "revision": "12202be2d18098d2c29e1433a921675f35522a20",
          "version": "5.0.0"
        }
      }
    ]
  },
  "version": 1
}
