{
  "object": {
    "pins": [
      {
        "package": "PayUIndia-Custom-Browser",
        "repositoryURL": "https://github.com/payu-intrepos/iOS-Custom-Browser.git",
        "state": {
          "branch": null,
          "revision": "c350226424b7633e874e3f826ddb65e00ab27332",
          "version": "8.0.0"
        }
      },
      {
        "package": "PayUIndia-PG-SDK",
        "repositoryURL": "https://github.com/payu-intrepos/iOS-SDK.git",
        "state": {
          "branch": null,
          "revision": "9826c758557a87a65869baff1a174c51db81935c",
          "version": "7.1.0"
        }
      },
      {
        "package": "PayUIndia-PayUParams",
        "repositoryURL": "https://github.com/payu-intrepos/payu-params-iOS.git",
        "state": {
          "branch": null,
          "revision": "731685185033b93f893e6194019ca15f6e79ad90",
          "version": "3.1.0"
        }
      },
      {
        "package": "PayUIndia-UPIKit",
        "repositoryURL": "https://github.com/payu-intrepos/payu-upi-ios-sdk.git",
        "state": {
          "branch": null,
          "revision": "f06f1cf9e6b882bb863b34e30b125065378ec8c1",
          "version": "6.0.0"
        }
      },
      {
        "package": "PayUIndia-Analytics",
        "repositoryURL": "https://github.com/payu-intrepos/PayUAnalytics-iOS.git",
        "state": {
          "branch": null,
          "revision": "f2e3ba194d45302bc7e5f6986a47894323bdfb94",
          "version": "2.0.0"
        }
      },
      {
        "package": "PayUIndia-AssetLibrary",
        "repositoryURL": "https://github.com/payu-intrepos/PayUAssetLibrary-iOS.git",
        "state": {
          "branch": null,
          "revision": "0ca2187e27b8e9038680c6c42ecc3554c12f6215",
          "version": "3.0.0"
        }
      },
      {
        "package": "PayUCheckoutProKit",
        "repositoryURL": "https://github.com/payu-intrepos/PayUCheckoutPro-iOS",
        "state": {
          "branch": "master",
          "revision": "4599e17581818f0ec8b705fe2b6855f00aa222e9",
          "version": null
        }
      },
      {
        "package": "PayUIndia-CrashReporter",
        "repositoryURL": "https://github.com/payu-intrepos/PayUCrashReporter-iOS.git",
        "state": {
          "branch": null,
          "revision": "a4ffe60807d35a830a06196dab83e07d09e10612",
          "version": "2.0.0"
        }
      },
      {
        "package": "PayUIndia-NativeOtpAssist",
        "repositoryURL": "https://github.com/payu-intrepos/PayUNativeOtpAssist-iOS.git",
        "state": {
          "branch": null,
          "revision": "7ad292dce36d9d02d76a3d624e79b5ff0a12f0d4",
          "version": "2.0.0"
        }
      },
      {
        "package": "PayUIndia-NetworkReachability",
        "repositoryURL": "https://github.com/payu-intrepos/PayUNetworkReachability-iOS.git",
        "state": {
          "branch": null,
          "revision": "4c023a01a4e1cd03641b538c3495a496724effec",
          "version": "2.0.0"
        }
      },
      {
        "package": "SocketIO",
        "repositoryURL": "https://github.com/ShubhGar/socket.io-client-swift.git",
        "state": {
          "branch": null,
          "revision": "5044cefc9f326b2db89ceed9cb8fe51f429cf289",
          "version": "18.0.0"
        }
      },
      {
        "package": "Starscream",
        "repositoryURL": "https://github.com/ShubhGar/Starscream",
        "state": {
          "branch": null,
          "revision": "12202be2d18098d2c29e1433a921675f35522a20",
          "version": "5.0.0"
        }
      }
    ]
  },
  "version": 1
}
